
Microsoft Visual Studio Solution File, Format Version 12.00
# Visual Studio Version 17
VisualStudioVersion = 17.14.36518.9 d17.14
MinimumVisualStudioVersion = 10.0.40219.1
Project("{FAE04EC0-301F-11D3-BF4B-00C04F79EFBC}") = "SMV-Lab2-Var7", "SMV-Lab2-Var7.csproj", "{4FEB4496-B3A3-4A6D-8509-9D8F32828075}"
EndProject
Global
	GlobalSection(SolutionConfigurationPlatforms) = preSolution
		Debug|Any CPU = Debug|Any CPU
		Release|Any CPU = Release|Any CPU
	EndGlobalSection
	GlobalSection(ProjectConfigurationPlatforms) = postSolution
		{4FEB4496-B3A3-4A6D-8509-9D8F32828075}.Debug|Any CPU.ActiveCfg = Debug|Any CPU
		{4FEB4496-B3A3-4A6D-8509-9D8F32828075}.Debug|Any CPU.Build.0 = Debug|Any CPU
		{4FEB4496-B3A3-4A6D-8509-9D8F32828075}.Release|Any CPU.ActiveCfg = Release|Any CPU
		{4FEB4496-B3A3-4A6D-8509-9D8F32828075}.Release|Any CPU.Build.0 = Release|Any CPU
	EndGlobalSection
	GlobalSection(SolutionProperties) = preSolution
		HideSolutionNode = FALSE
	EndGlobalSection
	GlobalSection(ExtensibilityGlobals) = postSolution
		SolutionGuid = {21FE1EFF-C4CE-40CF-AA3A-5C268C8C1DE8}
	EndGlobalSection
EndGlobal
